{
  "name": "solusyong",
  "version": "1.0.0",
  "lockfileVersion": 2,
  "requires": true,
  "packages": {
    "": {
      "name": "solusyong",
      "version": "1.0.0",
      "license": "ISC",
      "devDependencies": {
        "cz-git": "^1.7.1"
      }
    },
    "node_modules/cz-git": {
      "version": "1.7.1",
      "resolved": "https://registry.npmjs.org/cz-git/-/cz-git-1.7.1.tgz",
      "integrity": "sha512-NMe4REukCS7op1YA1jixRXOgII8Um2/Ii8TeyFEOISgp2ZzeobzkMOP8dXSrTQ3bvmm7YpPOdr2301yJkOJcbA==",
      "dev": true,
      "engines": {
        "node": ">=v12.20.0"
      }
    }
  },
  "dependencies": {
    "cz-git": {
      "version": "1.7.1",
      "resolved": "https://registry.npmjs.org/cz-git/-/cz-git-1.7.1.tgz",
      "integrity": "sha512-NMe4REukCS7op1YA1jixRXOgII8Um2/Ii8TeyFEOISgp2ZzeobzkMOP8dXSrTQ3bvmm7YpPOdr2301yJkOJcbA==",
      "dev": true
    }
  }
}
